
Microsoft Visual Studio Solution File, Format Version 12.00
# Visual Studio Version 17
VisualStudioVersion = 17.6.33829.357
MinimumVisualStudioVersion = 10.0.40219.1
Project("{FAE04EC0-301F-11D3-BF4B-00C04F79EFBC}") = "topoGraphyVer2", "topoGraphyVer2\topoGraphyVer2.csproj", "{40626C9C-969A-441C-9E2F-A5956CB9F236}"
EndProject
Global
	GlobalSection(SolutionConfigurationPlatforms) = preSolution
		Debug|Any CPU = Debug|Any CPU
		Release|Any CPU = Release|Any CPU
	EndGlobalSection
	GlobalSection(ProjectConfigurationPlatforms) = postSolution
		{40626C9C-969A-441C-9E2F-A5956CB9F236}.Debug|Any CPU.ActiveCfg = Debug|Any CPU
		{40626C9C-969A-441C-9E2F-A5956CB9F236}.Debug|Any CPU.Build.0 = Debug|Any CPU
		{40626C9C-969A-441C-9E2F-A5956CB9F236}.Release|Any CPU.ActiveCfg = Release|Any CPU
		{40626C9C-969A-441C-9E2F-A5956CB9F236}.Release|Any CPU.Build.0 = Release|Any CPU
	EndGlobalSection
	GlobalSection(SolutionProperties) = preSolution
		HideSolutionNode = FALSE
	EndGlobalSection
	GlobalSection(ExtensibilityGlobals) = postSolution
		SolutionGuid = {2D3FD39B-2C1C-4A2B-96B7-5DB87CAC6670}
	EndGlobalSection
EndGlobal
