
Microsoft Visual Studio Solution File, Format Version 12.00
# Visual Studio Version 17
VisualStudioVersion = 17.6.33829.357
MinimumVisualStudioVersion = 10.0.40219.1
Project("{FAE04EC0-301F-11D3-BF4B-00C04F79EFBC}") = "topoContour", "topoContour\topoContour.csproj", "{A14F86A4-5A2F-479F-85FF-472F9CA22BC2}"
EndProject
Global
	GlobalSection(SolutionConfigurationPlatforms) = preSolution
		Debug|Any CPU = Debug|Any CPU
		Release|Any CPU = Release|Any CPU
	EndGlobalSection
	GlobalSection(ProjectConfigurationPlatforms) = postSolution
		{A14F86A4-5A2F-479F-85FF-472F9CA22BC2}.Debug|Any CPU.ActiveCfg = Debug|Any CPU
		{A14F86A4-5A2F-479F-85FF-472F9CA22BC2}.Debug|Any CPU.Build.0 = Debug|Any CPU
		{A14F86A4-5A2F-479F-85FF-472F9CA22BC2}.Release|Any CPU.ActiveCfg = Release|Any CPU
		{A14F86A4-5A2F-479F-85FF-472F9CA22BC2}.Release|Any CPU.Build.0 = Release|Any CPU
	EndGlobalSection
	GlobalSection(SolutionProperties) = preSolution
		HideSolutionNode = FALSE
	EndGlobalSection
	GlobalSection(ExtensibilityGlobals) = postSolution
		SolutionGuid = {8D70D94B-5CC2-44A1-A537-8E9F17694A8D}
	EndGlobalSection
EndGlobal
